
Microsoft Visual Studio Solution File, Format Version 12.00
# Visual Studio Version 16
VisualStudioVersion = 16.0.31025.194
MinimumVisualStudioVersion = 10.0.40219.1
Project("{9A19103F-16F7-4668-BE54-9A1E7A4F7556}") = "VTS.API", "VTS.API\VTS.API.csproj", "{065995D8-9E66-47A4-914F-525C431A8A25}"
EndProject
Project("{9A19103F-16F7-4668-BE54-9A1E7A4F7556}") = "VTS.Business", "VTS.Business\VTS.Business.csproj", "{0005F19B-6642-4A38-995D-F6000574CE56}"
EndProject
Project("{9A19103F-16F7-4668-BE54-9A1E7A4F7556}") = "VTS.Data", "VTS.Data\VTS.Data.csproj", "{8DD9EA90-1EED-422B-9D9E-F8644813390A}"
EndProject
Global
	GlobalSection(SolutionConfigurationPlatforms) = preSolution
		Debug|Any CPU = Debug|Any CPU
		Release|Any CPU = Release|Any CPU
	EndGlobalSection
	GlobalSection(ProjectConfigurationPlatforms) = postSolution
		{065995D8-9E66-47A4-914F-525C431A8A25}.Debug|Any CPU.ActiveCfg = Debug|Any CPU
		{065995D8-9E66-47A4-914F-525C431A8A25}.Debug|Any CPU.Build.0 = Debug|Any CPU
		{065995D8-9E66-47A4-914F-525C431A8A25}.Release|Any CPU.ActiveCfg = Release|Any CPU
		{065995D8-9E66-47A4-914F-525C431A8A25}.Release|Any CPU.Build.0 = Release|Any CPU
		{0005F19B-6642-4A38-995D-F6000574CE56}.Debug|Any CPU.ActiveCfg = Debug|Any CPU
		{0005F19B-6642-4A38-995D-F6000574CE56}.Debug|Any CPU.Build.0 = Debug|Any CPU
		{0005F19B-6642-4A38-995D-F6000574CE56}.Release|Any CPU.ActiveCfg = Release|Any CPU
		{0005F19B-6642-4A38-995D-F6000574CE56}.Release|Any CPU.Build.0 = Release|Any CPU
		{8DD9EA90-1EED-422B-9D9E-F8644813390A}.Debug|Any CPU.ActiveCfg = Debug|Any CPU
		{8DD9EA90-1EED-422B-9D9E-F8644813390A}.Debug|Any CPU.Build.0 = Debug|Any CPU
		{8DD9EA90-1EED-422B-9D9E-F8644813390A}.Release|Any CPU.ActiveCfg = Release|Any CPU
		{8DD9EA90-1EED-422B-9D9E-F8644813390A}.Release|Any CPU.Build.0 = Release|Any CPU
	EndGlobalSection
	GlobalSection(SolutionProperties) = preSolution
		HideSolutionNode = FALSE
	EndGlobalSection
	GlobalSection(ExtensibilityGlobals) = postSolution
		SolutionGuid = {B6B0936A-3520-4474-A081-44E5EE283FCF}
	EndGlobalSection
EndGlobal
